
Microsoft Visual Studio Solution File, Format Version 12.00
# Visual Studio Version 17
VisualStudioVersion = 17.6.33829.357
MinimumVisualStudioVersion = 10.0.40219.1
Project("{FAE04EC0-301F-11D3-BF4B-00C04F79EFBC}") = "az400-github-actions-azure-pipeline-demo", "az400-github-actions-azure-pipeline-demo\az400-github-actions-azure-pipeline-demo.csproj", "{B2DE5DAB-BBAE-4F92-811D-E6DC3C225D22}"
EndProject
Global
	GlobalSection(SolutionConfigurationPlatforms) = preSolution
		Debug|Any CPU = Debug|Any CPU
		Release|Any CPU = Release|Any CPU
	EndGlobalSection
	GlobalSection(ProjectConfigurationPlatforms) = postSolution
		{B2DE5DAB-BBAE-4F92-811D-E6DC3C225D22}.Debug|Any CPU.ActiveCfg = Debug|Any CPU
		{B2DE5DAB-BBAE-4F92-811D-E6DC3C225D22}.Debug|Any CPU.Build.0 = Debug|Any CPU
		{B2DE5DAB-BBAE-4F92-811D-E6DC3C225D22}.Release|Any CPU.ActiveCfg = Release|Any CPU
		{B2DE5DAB-BBAE-4F92-811D-E6DC3C225D22}.Release|Any CPU.Build.0 = Release|Any CPU
	EndGlobalSection
	GlobalSection(SolutionProperties) = preSolution
		HideSolutionNode = FALSE
	EndGlobalSection
	GlobalSection(ExtensibilityGlobals) = postSolution
		SolutionGuid = {FC793E69-86AA-45C6-94F1-F876169B1EFB}
	EndGlobalSection
EndGlobal
